
Microsoft Visual Studio Solution File, Format Version 12.00
# Visual Studio Version 17
VisualStudioVersion = 17.7.34031.279
MinimumVisualStudioVersion = 10.0.40219.1
Project("{FAE04EC0-301F-11D3-BF4B-00C04F79EFBC}") = "Account Registration", "Account Registration\Account Registration.csproj", "{2C0CA1C6-1D25-4179-84B8-E39FDBFED62C}"
EndProject
Global
	GlobalSection(SolutionConfigurationPlatforms) = preSolution
		Debug|Any CPU = Debug|Any CPU
		Release|Any CPU = Release|Any CPU
	EndGlobalSection
	GlobalSection(ProjectConfigurationPlatforms) = postSolution
		{2C0CA1C6-1D25-4179-84B8-E39FDBFED62C}.Debug|Any CPU.ActiveCfg = Debug|Any CPU
		{2C0CA1C6-1D25-4179-84B8-E39FDBFED62C}.Debug|Any CPU.Build.0 = Debug|Any CPU
		{2C0CA1C6-1D25-4179-84B8-E39FDBFED62C}.Release|Any CPU.ActiveCfg = Release|Any CPU
		{2C0CA1C6-1D25-4179-84B8-E39FDBFED62C}.Release|Any CPU.Build.0 = Release|Any CPU
	EndGlobalSection
	GlobalSection(SolutionProperties) = preSolution
		HideSolutionNode = FALSE
	EndGlobalSection
	GlobalSection(ExtensibilityGlobals) = postSolution
		SolutionGuid = {83368151-97CD-4AB3-9C80-A592A4812F3B}
	EndGlobalSection
EndGlobal
